{
    "version": 3,
    "terraform_version": "0.10.2",
    "serial": 3,
    "lineage": "57b8e6dd-6b8f-4516-a5b3-0840691e2bb5",
    "modules": [
        {
            "path": [
                "root"
            ],
            "outputs": {},
            "resources": {},
            "depends_on": []
        },
        {
            "path": [
                "root",
                "ec2_pro"
            ],
            "outputs": {},
            "resources": {
                "aws_instance.pub_example": {
                    "type": "aws_instance",
                    "depends_on": [],
                    "primary": {
                        "id": "i-0b181bba120a7a783",
                        "attributes": {
                            "ami": "ami-c998b6b2",
                            "associate_public_ip_address": "true",
                            "availability_zone": "us-east-1a",
                            "disable_api_termination": "false",
                            "ebs_block_device.#": "0",
                            "ebs_optimized": "false",
                            "ephemeral_block_device.#": "0",
                            "iam_instance_profile": "",
                            "id": "i-0b181bba120a7a783",
                            "instance_state": "running",
                            "instance_type": "t2.micro",
                            "ipv6_addresses.#": "0",
                            "key_name": "terra",
                            "monitoring": "false",
                            "network_interface.#": "0",
                            "network_interface_id": "eni-e8d0ae5d",
                            "primary_network_interface_id": "eni-e8d0ae5d",
                            "private_dns": "ip-10-0-1-33.ec2.internal",
                            "private_ip": "10.0.1.33",
                            "public_dns": "ec2-34-229-102-244.compute-1.amazonaws.com",
                            "public_ip": "34.229.102.244",
                            "root_block_device.#": "1",
                            "root_block_device.0.delete_on_termination": "true",
                            "root_block_device.0.iops": "100",
                            "root_block_device.0.volume_size": "10",
                            "root_block_device.0.volume_type": "gp2",
                            "security_groups.#": "0",
                            "source_dest_check": "true",
                            "subnet_id": "subnet-3111396b",
                            "tags.%": "1",
                            "tags.Name": "My pub instance",
                            "tenancy": "default",
                            "volume_tags.%": "0",
                            "vpc_security_group_ids.#": "1",
                            "vpc_security_group_ids.1669628031": "sg-403e8933"
                        },
                        "meta": {
                            "e2bfb730-ecaa-11e6-8f88-34363bc7c4c0": {
                                "create": 600000000000,
                                "delete": 600000000000,
                                "update": 600000000000
                            },
                            "schema_version": "1"
                        },
                        "tainted": false
                    },
                    "deposed": [],
                    "provider": ""
                }
            },
            "depends_on": []
        },
        {
            "path": [
                "root",
                "ec2_pro_new"
            ],
            "outputs": {},
            "resources": {
                "aws_instance.pub_example": {
                    "type": "aws_instance",
                    "depends_on": [],
                    "primary": {
                        "id": "i-001088ed677fd4e37",
                        "attributes": {
                            "ami": "ami-c998b6b2",
                            "associate_public_ip_address": "false",
                            "availability_zone": "us-east-1b",
                            "disable_api_termination": "false",
                            "ebs_block_device.#": "0",
                            "ebs_optimized": "false",
                            "ephemeral_block_device.#": "0",
                            "iam_instance_profile": "",
                            "id": "i-001088ed677fd4e37",
                            "instance_state": "running",
                            "instance_type": "t2.micro",
                            "ipv6_addresses.#": "0",
                            "key_name": "terra",
                            "monitoring": "false",
                            "network_interface.#": "0",
                            "network_interface_id": "eni-08052b1f",
                            "primary_network_interface_id": "eni-08052b1f",
                            "private_dns": "ip-10-0-2-171.ec2.internal",
                            "private_ip": "10.0.2.171",
                            "public_dns": "",
                            "public_ip": "",
                            "root_block_device.#": "1",
                            "root_block_device.0.delete_on_termination": "true",
                            "root_block_device.0.iops": "100",
                            "root_block_device.0.volume_size": "10",
                            "root_block_device.0.volume_type": "gp2",
                            "security_groups.#": "0",
                            "source_dest_check": "true",
                            "subnet_id": "subnet-946acdf0",
                            "tags.%": "1",
                            "tags.Name": "My pub instance",
                            "tenancy": "default",
                            "volume_tags.%": "0",
                            "vpc_security_group_ids.#": "1",
                            "vpc_security_group_ids.1669628031": "sg-403e8933"
                        },
                        "meta": {
                            "e2bfb730-ecaa-11e6-8f88-34363bc7c4c0": {
                                "create": 600000000000,
                                "delete": 600000000000,
                                "update": 600000000000
                            },
                            "schema_version": "1"
                        },
                        "tainted": false
                    },
                    "deposed": [],
                    "provider": ""
                }
            },
            "depends_on": []
        },
        {
            "path": [
                "root",
                "ec_puppet_provisioner"
            ],
            "outputs": {},
            "resources": {
                "aws_instance.puppet_master": {
                    "type": "aws_instance",
                    "depends_on": [
                        "data.template_file.bootstrap"
                    ],
                    "primary": {
                        "id": "i-0c8e802104b54cee0",
                        "attributes": {
                            "ami": "ami-c998b6b2",
                            "associate_public_ip_address": "true",
                            "availability_zone": "us-east-1a",
                            "disable_api_termination": "false",
                            "ebs_block_device.#": "0",
                            "ebs_optimized": "false",
                            "ephemeral_block_device.#": "0",
                            "iam_instance_profile": "",
                            "id": "i-0c8e802104b54cee0",
                            "instance_state": "running",
                            "instance_type": "t2.medium",
                            "ipv6_addresses.#": "0",
                            "key_name": "terra",
                            "monitoring": "false",
                            "network_interface.#": "0",
                            "network_interface_id": "eni-84cdb331",
                            "primary_network_interface_id": "eni-84cdb331",
                            "private_dns": "ip-10-0-1-225.ec2.internal",
                            "private_ip": "10.0.1.225",
                            "public_dns": "ec2-52-203-199-137.compute-1.amazonaws.com",
                            "public_ip": "52.203.199.137",
                            "root_block_device.#": "1",
                            "root_block_device.0.delete_on_termination": "true",
                            "root_block_device.0.iops": "100",
                            "root_block_device.0.volume_size": "10",
                            "root_block_device.0.volume_type": "gp2",
                            "security_groups.#": "0",
                            "source_dest_check": "true",
                            "subnet_id": "subnet-3111396b",
                            "tags.%": "1",
                            "tags.Name": "puppet_master",
                            "tenancy": "default",
                            "user_data": "4d458af8e52d5f7384d1cda2889c62c3faad2d61",
                            "volume_tags.%": "0",
                            "vpc_security_group_ids.#": "1",
                            "vpc_security_group_ids.1669628031": "sg-403e8933"
                        },
                        "meta": {
                            "e2bfb730-ecaa-11e6-8f88-34363bc7c4c0": {
                                "create": 600000000000,
                                "delete": 600000000000,
                                "update": 600000000000
                            },
                            "schema_version": "1"
                        },
                        "tainted": false
                    },
                    "deposed": [],
                    "provider": ""
                },
                "data.template_file.bootstrap": {
                    "type": "template_file",
                    "depends_on": [],
                    "primary": {
                        "id": "33c1622c77e44ab1a47464d73a964f8789de1df2ddce1e23e13c76ebea4e8e1f",
                        "attributes": {
                            "id": "33c1622c77e44ab1a47464d73a964f8789de1df2ddce1e23e13c76ebea4e8e1f",
                            "rendered": "#!/bin/bash\n/bin/echo \"HOSTNAME=mypuppetserver\" \u003e /etc/hostname\n/bin/echo \"HOSTNAME=mypuppetserver\" \u003e\u003e /etc/sysconfig/network\n/bin/echo \"preserve_hostname: true\" \u003e\u003e /etc/cloud/cloud.cfg\n/bin/yum makecache fast\n/bin/yum install wget -y\nsleep 30\n/bin/rpm -ivh https://yum.puppetlabs.com/puppetlabs-release-pc1-el-6.noarch.rpm\n/bin/yum -y install puppetserver\ncat \u003e/etc/puppetlabs/puppet/puppet.conf \u003c\u003c EOL\n[main]\ncertname=mypuppetserver\n\n[agent]\nserver=mypuppetserver\nreport=true\nEOL\nservice puppetserver start\n",
                            "template": "#!/bin/bash\n/bin/echo \"HOSTNAME=mypuppetserver\" \u003e /etc/hostname\n/bin/echo \"HOSTNAME=mypuppetserver\" \u003e\u003e /etc/sysconfig/network\n/bin/echo \"preserve_hostname: true\" \u003e\u003e /etc/cloud/cloud.cfg\n/bin/yum makecache fast\n/bin/yum install wget -y\nsleep 30\n/bin/rpm -ivh https://yum.puppetlabs.com/puppetlabs-release-pc1-el-6.noarch.rpm\n/bin/yum -y install puppetserver\ncat \u003e/etc/puppetlabs/puppet/puppet.conf \u003c\u003c EOL\n[main]\ncertname=mypuppetserver\n\n[agent]\nserver=mypuppetserver\nreport=true\nEOL\nservice puppetserver start\n"
                        },
                        "meta": {},
                        "tainted": false
                    },
                    "deposed": [],
                    "provider": ""
                }
            },
            "depends_on": []
        },
        {
            "path": [
                "root",
                "vpc"
            ],
            "outputs": {
                "private_subnet_id": {
                    "sensitive": false,
                    "type": "string",
                    "value": "subnet-946acdf0"
                },
                "public_subnet_id": {
                    "sensitive": false,
                    "type": "string",
                    "value": "subnet-3111396b"
                },
                "security_group_id": {
                    "sensitive": false,
                    "type": "string",
                    "value": "sg-403e8933"
                }
            },
            "resources": {
                "aws_eip.tuto_eip": {
                    "type": "aws_eip",
                    "depends_on": [
                        "aws_internet_gateway.gw"
                    ],
                    "primary": {
                        "id": "eipalloc-02462b30",
                        "attributes": {
                            "association_id": "eipassoc-d9f1b1ed",
                            "domain": "vpc",
                            "id": "eipalloc-02462b30",
                            "instance": "",
                            "network_interface": "eni-1fceb0aa",
                            "private_ip": "10.0.1.210",
                            "public_ip": "34.233.204.126",
                            "vpc": "true"
                        },
                        "meta": {},
                        "tainted": false
                    },
                    "deposed": [],
                    "provider": ""
                },
                "aws_internet_gateway.gw": {
                    "type": "aws_internet_gateway",
                    "depends_on": [
                        "aws_vpc.vpc_tuto"
                    ],
                    "primary": {
                        "id": "igw-35ac464c",
                        "attributes": {
                            "id": "igw-35ac464c",
                            "tags.%": "1",
                            "tags.Name": "InternetGateway",
                            "vpc_id": "vpc-3a415243"
                        },
                        "meta": {},
                        "tainted": false
                    },
                    "deposed": [],
                    "provider": ""
                },
                "aws_nat_gateway.nat": {
                    "type": "aws_nat_gateway",
                    "depends_on": [
                        "aws_eip.tuto_eip",
                        "aws_internet_gateway.gw",
                        "aws_subnet.public_subnet_ap_south_1a"
                    ],
                    "primary": {
                        "id": "nat-04c70c128cd31e69a",
                        "attributes": {
                            "allocation_id": "eipalloc-02462b30",
                            "id": "nat-04c70c128cd31e69a",
                            "network_interface_id": "eni-1fceb0aa",
                            "private_ip": "10.0.1.210",
                            "public_ip": "34.233.204.126",
                            "subnet_id": "subnet-3111396b"
                        },
                        "meta": {},
                        "tainted": false
                    },
                    "deposed": [],
                    "provider": ""
                },
                "aws_route.internet_access": {
                    "type": "aws_route",
                    "depends_on": [
                        "aws_internet_gateway.gw",
                        "aws_vpc.vpc_tuto"
                    ],
                    "primary": {
                        "id": "r-rtb-b44d10cf1080289494",
                        "attributes": {
                            "destination_cidr_block": "0.0.0.0/0",
                            "destination_prefix_list_id": "",
                            "egress_only_gateway_id": "",
                            "gateway_id": "igw-35ac464c",
                            "id": "r-rtb-b44d10cf1080289494",
                            "instance_id": "",
                            "instance_owner_id": "",
                            "nat_gateway_id": "",
                            "network_interface_id": "",
                            "origin": "CreateRoute",
                            "route_table_id": "rtb-b44d10cf",
                            "state": "active",
                            "vpc_peering_connection_id": ""
                        },
                        "meta": {},
                        "tainted": false
                    },
                    "deposed": [],
                    "provider": ""
                },
                "aws_route.private_route": {
                    "type": "aws_route",
                    "depends_on": [
                        "aws_nat_gateway.nat",
                        "aws_route_table.private_route_table"
                    ],
                    "primary": {
                        "id": "r-rtb-6e4d10151080289494",
                        "attributes": {
                            "destination_cidr_block": "0.0.0.0/0",
                            "destination_prefix_list_id": "",
                            "egress_only_gateway_id": "",
                            "gateway_id": "",
                            "id": "r-rtb-6e4d10151080289494",
                            "instance_id": "",
                            "instance_owner_id": "",
                            "nat_gateway_id": "nat-04c70c128cd31e69a",
                            "network_interface_id": "",
                            "origin": "CreateRoute",
                            "route_table_id": "rtb-6e4d1015",
                            "state": "active",
                            "vpc_peering_connection_id": ""
                        },
                        "meta": {},
                        "tainted": false
                    },
                    "deposed": [],
                    "provider": ""
                },
                "aws_route_table.private_route_table": {
                    "type": "aws_route_table",
                    "depends_on": [
                        "aws_vpc.vpc_tuto"
                    ],
                    "primary": {
                        "id": "rtb-6e4d1015",
                        "attributes": {
                            "id": "rtb-6e4d1015",
                            "propagating_vgws.#": "0",
                            "route.#": "1",
                            "route.3482135369.cidr_block": "0.0.0.0/0",
                            "route.3482135369.egress_only_gateway_id": "",
                            "route.3482135369.gateway_id": "",
                            "route.3482135369.instance_id": "",
                            "route.3482135369.ipv6_cidr_block": "",
                            "route.3482135369.nat_gateway_id": "nat-04c70c128cd31e69a",
                            "route.3482135369.network_interface_id": "",
                            "route.3482135369.vpc_peering_connection_id": "",
                            "tags.%": "1",
                            "tags.Name": "Private route table",
                            "vpc_id": "vpc-3a415243"
                        },
                        "meta": {},
                        "tainted": false
                    },
                    "deposed": [],
                    "provider": ""
                },
                "aws_route_table_association.pr_1_subnet_ap_south_1b_association": {
                    "type": "aws_route_table_association",
                    "depends_on": [
                        "aws_route_table.private_route_table",
                        "aws_subnet.private_1_subnet_ap_south_1b"
                    ],
                    "primary": {
                        "id": "rtbassoc-f3e2c289",
                        "attributes": {
                            "id": "rtbassoc-f3e2c289",
                            "route_table_id": "rtb-6e4d1015",
                            "subnet_id": "subnet-946acdf0"
                        },
                        "meta": {},
                        "tainted": false
                    },
                    "deposed": [],
                    "provider": ""
                },
                "aws_route_table_association.public_subnet_ap_south__1a_association": {
                    "type": "aws_route_table_association",
                    "depends_on": [
                        "aws_subnet.public_subnet_ap_south_1a",
                        "aws_vpc.vpc_tuto"
                    ],
                    "primary": {
                        "id": "rtbassoc-e9e0c093",
                        "attributes": {
                            "id": "rtbassoc-e9e0c093",
                            "route_table_id": "rtb-b44d10cf",
                            "subnet_id": "subnet-3111396b"
                        },
                        "meta": {},
                        "tainted": false
                    },
                    "deposed": [],
                    "provider": ""
                },
                "aws_security_group.FrontEnd": {
                    "type": "aws_security_group",
                    "depends_on": [
                        "aws_vpc.vpc_tuto"
                    ],
                    "primary": {
                        "id": "sg-403e8933",
                        "attributes": {
                            "description": "ONLY HTTP CONNECTION INBOUD",
                            "egress.#": "1",
                            "egress.482069346.cidr_blocks.#": "1",
                            "egress.482069346.cidr_blocks.0": "0.0.0.0/0",
                            "egress.482069346.from_port": "0",
                            "egress.482069346.ipv6_cidr_blocks.#": "0",
                            "egress.482069346.prefix_list_ids.#": "0",
                            "egress.482069346.protocol": "-1",
                            "egress.482069346.security_groups.#": "0",
                            "egress.482069346.self": "false",
                            "egress.482069346.to_port": "0",
                            "id": "sg-403e8933",
                            "ingress.#": "2",
                            "ingress.2214680975.cidr_blocks.#": "1",
                            "ingress.2214680975.cidr_blocks.0": "0.0.0.0/0",
                            "ingress.2214680975.from_port": "80",
                            "ingress.2214680975.ipv6_cidr_blocks.#": "0",
                            "ingress.2214680975.protocol": "TCP",
                            "ingress.2214680975.security_groups.#": "0",
                            "ingress.2214680975.self": "false",
                            "ingress.2214680975.to_port": "80",
                            "ingress.2541437006.cidr_blocks.#": "1",
                            "ingress.2541437006.cidr_blocks.0": "0.0.0.0/0",
                            "ingress.2541437006.from_port": "22",
                            "ingress.2541437006.ipv6_cidr_blocks.#": "0",
                            "ingress.2541437006.protocol": "TCP",
                            "ingress.2541437006.security_groups.#": "0",
                            "ingress.2541437006.self": "false",
                            "ingress.2541437006.to_port": "22",
                            "name": "FrontEnd",
                            "owner_id": "185463604629",
                            "tags.%": "1",
                            "tags.Name": "FrontEnd",
                            "vpc_id": "vpc-3a415243"
                        },
                        "meta": {},
                        "tainted": false
                    },
                    "deposed": [],
                    "provider": ""
                },
                "aws_subnet.private_1_subnet_ap_south_1b": {
                    "type": "aws_subnet",
                    "depends_on": [
                        "aws_vpc.vpc_tuto"
                    ],
                    "primary": {
                        "id": "subnet-946acdf0",
                        "attributes": {
                            "assign_ipv6_address_on_creation": "false",
                            "availability_zone": "us-east-1b",
                            "cidr_block": "10.0.2.0/24",
                            "id": "subnet-946acdf0",
                            "map_public_ip_on_launch": "false",
                            "tags.%": "1",
                            "tags.Name": "Subnet private 1 az 1b",
                            "vpc_id": "vpc-3a415243"
                        },
                        "meta": {
                            "schema_version": "1"
                        },
                        "tainted": false
                    },
                    "deposed": [],
                    "provider": ""
                },
                "aws_subnet.public_subnet_ap_south_1a": {
                    "type": "aws_subnet",
                    "depends_on": [
                        "aws_vpc.vpc_tuto"
                    ],
                    "primary": {
                        "id": "subnet-3111396b",
                        "attributes": {
                            "assign_ipv6_address_on_creation": "false",
                            "availability_zone": "us-east-1a",
                            "cidr_block": "10.0.1.0/24",
                            "id": "subnet-3111396b",
                            "map_public_ip_on_launch": "true",
                            "tags.%": "1",
                            "tags.Name": "Subnet public az 1a",
                            "vpc_id": "vpc-3a415243"
                        },
                        "meta": {
                            "schema_version": "1"
                        },
                        "tainted": false
                    },
                    "deposed": [],
                    "provider": ""
                },
                "aws_vpc.vpc_tuto": {
                    "type": "aws_vpc",
                    "depends_on": [],
                    "primary": {
                        "id": "vpc-3a415243",
                        "attributes": {
                            "assign_generated_ipv6_cidr_block": "false",
                            "cidr_block": "10.0.0.0/16",
                            "default_network_acl_id": "acl-fb26a983",
                            "default_route_table_id": "rtb-b44d10cf",
                            "default_security_group_id": "sg-46338435",
                            "dhcp_options_id": "dopt-aa6bfdce",
                            "enable_classiclink": "false",
                            "enable_classiclink_dns_support": "false",
                            "enable_dns_hostnames": "true",
                            "enable_dns_support": "true",
                            "id": "vpc-3a415243",
                            "instance_tenancy": "default",
                            "main_route_table_id": "rtb-b44d10cf",
                            "tags.%": "1",
                            "tags.Name": "TestVPC"
                        },
                        "meta": {
                            "schema_version": "1"
                        },
                        "tainted": false
                    },
                    "deposed": [],
                    "provider": ""
                }
            },
            "depends_on": []
        }
    ]
}
